
Microsoft Visual Studio Solution File, Format Version 12.00
# Visual Studio Version 16
VisualStudioVersion = 16.0.30717.126
MinimumVisualStudioVersion = 10.0.40219.1
Project("{FAE04EC0-301F-11D3-BF4B-00C04F79EFBC}") = "MyUniversity.UserManager", "MyUniversity.UserManager\MyUniversity.UserManager.csproj", "{3B699450-1F32-4204-8EA4-2330811125F7}"
EndProject
Project("{FAE04EC0-301F-11D3-BF4B-00C04F79EFBC}") = "MyUniversity.UserManager.Models", "MyUniversity.UserManager.Models\MyUniversity.UserManager.Models.csproj", "{3E4AE5EF-6924-409F-9CF1-9B7B28826989}"
EndProject
Project("{FAE04EC0-301F-11D3-BF4B-00C04F79EFBC}") = "MyUniversity.UserManager.Repository", "MyUniversity.UserManager.Repository\MyUniversity.UserManager.Repository.csproj", "{4602B784-3981-48AB-A49C-2EF6ABC68907}"
EndProject
Project("{FAE04EC0-301F-11D3-BF4B-00C04F79EFBC}") = "MyUniversity.UserManager.Services", "MyUniversity.UserManager.Services\MyUniversity.UserManager.Services.csproj", "{2CD2DF26-A00C-4315-B5F5-B70B7A4A01D1}"
EndProject
Global
	GlobalSection(SolutionConfigurationPlatforms) = preSolution
		Debug|Any CPU = Debug|Any CPU
		Release|Any CPU = Release|Any CPU
	EndGlobalSection
	GlobalSection(ProjectConfigurationPlatforms) = postSolution
		{3B699450-1F32-4204-8EA4-2330811125F7}.Debug|Any CPU.ActiveCfg = Debug|Any CPU
		{3B699450-1F32-4204-8EA4-2330811125F7}.Debug|Any CPU.Build.0 = Debug|Any CPU
		{3B699450-1F32-4204-8EA4-2330811125F7}.Release|Any CPU.ActiveCfg = Release|Any CPU
		{3B699450-1F32-4204-8EA4-2330811125F7}.Release|Any CPU.Build.0 = Release|Any CPU
		{3E4AE5EF-6924-409F-9CF1-9B7B28826989}.Debug|Any CPU.ActiveCfg = Debug|Any CPU
		{3E4AE5EF-6924-409F-9CF1-9B7B28826989}.Debug|Any CPU.Build.0 = Debug|Any CPU
		{3E4AE5EF-6924-409F-9CF1-9B7B28826989}.Release|Any CPU.ActiveCfg = Release|Any CPU
		{3E4AE5EF-6924-409F-9CF1-9B7B28826989}.Release|Any CPU.Build.0 = Release|Any CPU
		{4602B784-3981-48AB-A49C-2EF6ABC68907}.Debug|Any CPU.ActiveCfg = Debug|Any CPU
		{4602B784-3981-48AB-A49C-2EF6ABC68907}.Debug|Any CPU.Build.0 = Debug|Any CPU
		{4602B784-3981-48AB-A49C-2EF6ABC68907}.Release|Any CPU.ActiveCfg = Release|Any CPU
		{4602B784-3981-48AB-A49C-2EF6ABC68907}.Release|Any CPU.Build.0 = Release|Any CPU
		{2CD2DF26-A00C-4315-B5F5-B70B7A4A01D1}.Debug|Any CPU.ActiveCfg = Debug|Any CPU
		{2CD2DF26-A00C-4315-B5F5-B70B7A4A01D1}.Debug|Any CPU.Build.0 = Debug|Any CPU
		{2CD2DF26-A00C-4315-B5F5-B70B7A4A01D1}.Release|Any CPU.ActiveCfg = Release|Any CPU
		{2CD2DF26-A00C-4315-B5F5-B70B7A4A01D1}.Release|Any CPU.Build.0 = Release|Any CPU
	EndGlobalSection
	GlobalSection(SolutionProperties) = preSolution
		HideSolutionNode = FALSE
	EndGlobalSection
	GlobalSection(ExtensibilityGlobals) = postSolution
		SolutionGuid = {0CE1F0CF-0E5B-49A2-8397-5AB08C0F1F29}
	EndGlobalSection
EndGlobal
